
Microsoft Visual Studio Solution File, Format Version 12.00
# Visual Studio 15
VisualStudioVersion = 15.0.28010.2041
MinimumVisualStudioVersion = 10.0.40219.1
Project("{FAE04EC0-301F-11D3-BF4B-00C04F79EFBC}") = "Palindrom", "Palindrom\Palindrom.csproj", "{752CC6A2-CF03-41D5-9751-7F65799CBCF6}"
EndProject
Global
	GlobalSection(SolutionConfigurationPlatforms) = preSolution
		Debug|Any CPU = Debug|Any CPU
		Release|Any CPU = Release|Any CPU
	EndGlobalSection
	GlobalSection(ProjectConfigurationPlatforms) = postSolution
		{752CC6A2-CF03-41D5-9751-7F65799CBCF6}.Debug|Any CPU.ActiveCfg = Debug|Any CPU
		{752CC6A2-CF03-41D5-9751-7F65799CBCF6}.Debug|Any CPU.Build.0 = Debug|Any CPU
		{752CC6A2-CF03-41D5-9751-7F65799CBCF6}.Release|Any CPU.ActiveCfg = Release|Any CPU
		{752CC6A2-CF03-41D5-9751-7F65799CBCF6}.Release|Any CPU.Build.0 = Release|Any CPU
	EndGlobalSection
	GlobalSection(SolutionProperties) = preSolution
		HideSolutionNode = FALSE
	EndGlobalSection
	GlobalSection(ExtensibilityGlobals) = postSolution
		SolutionGuid = {321023E8-A78B-4B08-A5BF-6DE8047E5DDA}
	EndGlobalSection
EndGlobal
